// !$*UTF8*$!
{
	archiveVersion = 1;
	classes = {
	};
	objectVersion = 55;
	objects = {

/* Begin PBXBuildFile section */
		C52F405F2895C14300B48390 /* AppDelegate.swift in Sources */ = {isa = PBXBuildFile; fileRef = C52F405E2895C14300B48390 /* AppDelegate.swift */; };
		C52F40612895C14300B48390 /* SceneDelegate.swift in Sources */ = {isa = PBXBuildFile; fileRef = C52F40602895C14300B48390 /* SceneDelegate.swift */; };
		C52F40632895C14300B48390 /* TaskViewController.swift in Sources */ = {isa = PBXBuildFile; fileRef = C52F40622895C14300B48390 /* TaskViewController.swift */; };
		C52F40682895C14400B48390 /* Assets.xcassets in Resources */ = {isa = PBXBuildFile; fileRef = C52F40672895C14400B48390 /* Assets.xcassets */; };
		C52F406B2895C14400B48390 /* LaunchScreen.storyboard in Resources */ = {isa = PBXBuildFile; fileRef = C52F40692895C14400B48390 /* LaunchScreen.storyboard */; };
		C52F40742895C30E00B48390 /* ToDoItem.swift in Sources */ = {isa = PBXBuildFile; fileRef = C52F40732895C30E00B48390 /* ToDoItem.swift */; };
		C52F40772895C32E00B48390 /* FileCache.swift in Sources */ = {isa = PBXBuildFile; fileRef = C52F40762895C32E00B48390 /* FileCache.swift */; };
		C52F407A2895C34A00B48390 /* FileManager.swift in Sources */ = {isa = PBXBuildFile; fileRef = C52F40792895C34A00B48390 /* FileManager.swift */; };
		C52F40832895C37400B48390 /* ToDoItemTests.swift in Sources */ = {isa = PBXBuildFile; fileRef = C52F40822895C37400B48390 /* ToDoItemTests.swift */; };
		C52F408A2895C3AD00B48390 /* FileCacheTests.swift in Sources */ = {isa = PBXBuildFile; fileRef = C52F40892895C3AD00B48390 /* FileCacheTests.swift */; };
		C53165E7289C5A3F0007913A /* ListViewController.swift in Sources */ = {isa = PBXBuildFile; fileRef = C53165E6289C5A3E0007913A /* ListViewController.swift */; };
		C53165F1289C5C770007913A /* TaskCell.swift in Sources */ = {isa = PBXBuildFile; fileRef = C53165F0289C5C770007913A /* TaskCell.swift */; };
		C53165F3289D50F50007913A /* HeaderView.swift in Sources */ = {isa = PBXBuildFile; fileRef = C53165F2289D50F50007913A /* HeaderView.swift */; };
		C587D7D9289AD7B800131168 /* UIColor.swift in Sources */ = {isa = PBXBuildFile; fileRef = C587D7D8289AD7B800131168 /* UIColor.swift */; };
		C5994885289EB6AD00806FB0 /* NewTaskCell.swift in Sources */ = {isa = PBXBuildFile; fileRef = C5994884289EB6AD00806FB0 /* NewTaskCell.swift */; };
		C5DA7487289AD26200A06FCB /* DateFormatter.swift in Sources */ = {isa = PBXBuildFile; fileRef = C5DA7486289AD26200A06FCB /* DateFormatter.swift */; };
		C5DA7489289AD56E00A06FCB /* Constants.swift in Sources */ = {isa = PBXBuildFile; fileRef = C5DA7488289AD56E00A06FCB /* Constants.swift */; };
		C5DB39412896F8CD00D086A9 /* TaskView.swift in Sources */ = {isa = PBXBuildFile; fileRef = C5DB39402896F8CD00D086A9 /* TaskView.swift */; };
		C5DDCBE228A97F4700B7D686 /* NetworkService.swift in Sources */ = {isa = PBXBuildFile; fileRef = C5DDCBE128A97F4700B7D686 /* NetworkService.swift */; };
		C5DDCBE428A9808C00B7D686 /* FileCacheService.swift in Sources */ = {isa = PBXBuildFile; fileRef = C5DDCBE328A9808C00B7D686 /* FileCacheService.swift */; };
		C5DDCBE628A9809D00B7D686 /* MockFileCacheService.swift in Sources */ = {isa = PBXBuildFile; fileRef = C5DDCBE528A9809D00B7D686 /* MockFileCacheService.swift */; };
		C5E7C3EF289BD11200C540FA /* TaskView+TextView.swift in Sources */ = {isa = PBXBuildFile; fileRef = C5E7C3EE289BD11200C540FA /* TaskView+TextView.swift */; };
/* End PBXBuildFile section */

/* Begin PBXContainerItemProxy section */
		C52F40842895C37400B48390 /* PBXContainerItemProxy */ = {
			isa = PBXContainerItemProxy;
			containerPortal = C52F40532895C14300B48390 /* Project object */;
			proxyType = 1;
			remoteGlobalIDString = C52F405A2895C14300B48390;
			remoteInfo = ToDoList;
		};
/* End PBXContainerItemProxy section */

/* Begin PBXFileReference section */
		C52F405B2895C14300B48390 /* ToDoList.app */ = {isa = PBXFileReference; explicitFileType = wrapper.application; includeInIndex = 0; path = ToDoList.app; sourceTree = BUILT_PRODUCTS_DIR; };
		C52F405E2895C14300B48390 /* AppDelegate.swift */ = {isa = PBXFileReference; lastKnownFileType = sourcecode.swift; path = AppDelegate.swift; sourceTree = "<group>"; };
		C52F40602895C14300B48390 /* SceneDelegate.swift */ = {isa = PBXFileReference; lastKnownFileType = sourcecode.swift; path = SceneDelegate.swift; sourceTree = "<group>"; };
		C52F40622895C14300B48390 /* TaskViewController.swift */ = {isa = PBXFileReference; lastKnownFileType = sourcecode.swift; path = TaskViewController.swift; sourceTree = "<group>"; };
		C52F40672895C14400B48390 /* Assets.xcassets */ = {isa = PBXFileReference; lastKnownFileType = folder.assetcatalog; path = Assets.xcassets; sourceTree = "<group>"; };
		C52F406A2895C14400B48390 /* Base */ = {isa = PBXFileReference; lastKnownFileType = file.storyboard; name = Base; path = Base.lproj/LaunchScreen.storyboard; sourceTree = "<group>"; };
		C52F406C2895C14400B48390 /* Info.plist */ = {isa = PBXFileReference; lastKnownFileType = text.plist.xml; path = Info.plist; sourceTree = "<group>"; };
		C52F40732895C30E00B48390 /* ToDoItem.swift */ = {isa = PBXFileReference; lastKnownFileType = sourcecode.swift; path = ToDoItem.swift; sourceTree = "<group>"; };
		C52F40762895C32E00B48390 /* FileCache.swift */ = {isa = PBXFileReference; lastKnownFileType = sourcecode.swift; path = FileCache.swift; sourceTree = "<group>"; };
		C52F40792895C34A00B48390 /* FileManager.swift */ = {isa = PBXFileReference; lastKnownFileType = sourcecode.swift; path = FileManager.swift; sourceTree = "<group>"; };
		C52F40802895C37400B48390 /* ToDoListTests.xctest */ = {isa = PBXFileReference; explicitFileType = wrapper.cfbundle; includeInIndex = 0; path = ToDoListTests.xctest; sourceTree = BUILT_PRODUCTS_DIR; };
		C52F40822895C37400B48390 /* ToDoItemTests.swift */ = {isa = PBXFileReference; lastKnownFileType = sourcecode.swift; path = ToDoItemTests.swift; sourceTree = "<group>"; };
		C52F40892895C3AD00B48390 /* FileCacheTests.swift */ = {isa = PBXFileReference; lastKnownFileType = sourcecode.swift; path = FileCacheTests.swift; sourceTree = "<group>"; };
		C53165E6289C5A3E0007913A /* ListViewController.swift */ = {isa = PBXFileReference; lastKnownFileType = sourcecode.swift; path = ListViewController.swift; sourceTree = "<group>"; };
		C53165F0289C5C770007913A /* TaskCell.swift */ = {isa = PBXFileReference; lastKnownFileType = sourcecode.swift; path = TaskCell.swift; sourceTree = "<group>"; };
		C53165F2289D50F50007913A /* HeaderView.swift */ = {isa = PBXFileReference; lastKnownFileType = sourcecode.swift; path = HeaderView.swift; sourceTree = "<group>"; };
		C587D7D8289AD7B800131168 /* UIColor.swift */ = {isa = PBXFileReference; lastKnownFileType = sourcecode.swift; path = UIColor.swift; sourceTree = "<group>"; };
		C5994884289EB6AD00806FB0 /* NewTaskCell.swift */ = {isa = PBXFileReference; lastKnownFileType = sourcecode.swift; path = NewTaskCell.swift; sourceTree = "<group>"; };
		C5DA7486289AD26200A06FCB /* DateFormatter.swift */ = {isa = PBXFileReference; lastKnownFileType = sourcecode.swift; path = DateFormatter.swift; sourceTree = "<group>"; };
		C5DA7488289AD56E00A06FCB /* Constants.swift */ = {isa = PBXFileReference; lastKnownFileType = sourcecode.swift; path = Constants.swift; sourceTree = "<group>"; };
		C5DB39402896F8CD00D086A9 /* TaskView.swift */ = {isa = PBXFileReference; lastKnownFileType = sourcecode.swift; path = TaskView.swift; sourceTree = "<group>"; };
		C5DDCBE128A97F4700B7D686 /* NetworkService.swift */ = {isa = PBXFileReference; lastKnownFileType = sourcecode.swift; path = NetworkService.swift; sourceTree = "<group>"; };
		C5DDCBE328A9808C00B7D686 /* FileCacheService.swift */ = {isa = PBXFileReference; lastKnownFileType = sourcecode.swift; path = FileCacheService.swift; sourceTree = "<group>"; };
		C5DDCBE528A9809D00B7D686 /* MockFileCacheService.swift */ = {isa = PBXFileReference; lastKnownFileType = sourcecode.swift; path = MockFileCacheService.swift; sourceTree = "<group>"; };
		C5E7C3EE289BD11200C540FA /* TaskView+TextView.swift */ = {isa = PBXFileReference; lastKnownFileType = sourcecode.swift; path = "TaskView+TextView.swift"; sourceTree = "<group>"; };
/* End PBXFileReference section */

/* Begin PBXFrameworksBuildPhase section */
		C52F40582895C14300B48390 /* Frameworks */ = {
			isa = PBXFrameworksBuildPhase;
			buildActionMask = 2147483647;
			files = (
			);
			runOnlyForDeploymentPostprocessing = 0;
		};
		C52F407D2895C37400B48390 /* Frameworks */ = {
			isa = PBXFrameworksBuildPhase;
			buildActionMask = 2147483647;
			files = (
			);
			runOnlyForDeploymentPostprocessing = 0;
		};
/* End PBXFrameworksBuildPhase section */

/* Begin PBXGroup section */
		C52F40522895C14300B48390 = {
			isa = PBXGroup;
			children = (
				C52F405D2895C14300B48390 /* ToDoList */,
				C52F40812895C37400B48390 /* ToDoListTests */,
				C52F405C2895C14300B48390 /* Products */,
			);
			sourceTree = "<group>";
		};
		C52F405C2895C14300B48390 /* Products */ = {
			isa = PBXGroup;
			children = (
				C52F405B2895C14300B48390 /* ToDoList.app */,
				C52F40802895C37400B48390 /* ToDoListTests.xctest */,
			);
			name = Products;
			sourceTree = "<group>";
		};
		C52F405D2895C14300B48390 /* ToDoList */ = {
			isa = PBXGroup;
			children = (
				C52F405E2895C14300B48390 /* AppDelegate.swift */,
				C52F40602895C14300B48390 /* SceneDelegate.swift */,
				C52F407B2895C35000B48390 /* Extensions */,
				C52F40782895C33900B48390 /* Managers */,
				C52F40752895C31C00B48390 /* Models */,
				C5DB393F2896F33000D086A9 /* Views */,
				C52F40722895C2EE00B48390 /* Controllers */,
				C55DEA7028A053F00031F12C /* Resources */,
				C52F40692895C14400B48390 /* LaunchScreen.storyboard */,
				C52F406C2895C14400B48390 /* Info.plist */,
			);
			path = ToDoList;
			sourceTree = "<group>";
		};
		C52F40722895C2EE00B48390 /* Controllers */ = {
			isa = PBXGroup;
			children = (
				C52F40622895C14300B48390 /* TaskViewController.swift */,
				C53165E6289C5A3E0007913A /* ListViewController.swift */,
			);
			path = Controllers;
			sourceTree = "<group>";
		};
		C52F40752895C31C00B48390 /* Models */ = {
			isa = PBXGroup;
			children = (
				C52F40732895C30E00B48390 /* ToDoItem.swift */,
			);
			path = Models;
			sourceTree = "<group>";
		};
		C52F40782895C33900B48390 /* Managers */ = {
			isa = PBXGroup;
			children = (
				C52F40762895C32E00B48390 /* FileCache.swift */,
				C5DDCBE128A97F4700B7D686 /* NetworkService.swift */,
				C5DDCBE328A9808C00B7D686 /* FileCacheService.swift */,
				C5DDCBE528A9809D00B7D686 /* MockFileCacheService.swift */,
			);
			path = Managers;
			sourceTree = "<group>";
		};
		C52F407B2895C35000B48390 /* Extensions */ = {
			isa = PBXGroup;
			children = (
				C52F40792895C34A00B48390 /* FileManager.swift */,
				C5DA7486289AD26200A06FCB /* DateFormatter.swift */,
				C587D7D8289AD7B800131168 /* UIColor.swift */,
				C5E7C3EE289BD11200C540FA /* TaskView+TextView.swift */,
			);
			path = Extensions;
			sourceTree = "<group>";
		};
		C52F40812895C37400B48390 /* ToDoListTests */ = {
			isa = PBXGroup;
			children = (
				C52F40822895C37400B48390 /* ToDoItemTests.swift */,
				C52F40892895C3AD00B48390 /* FileCacheTests.swift */,
			);
			path = ToDoListTests;
			sourceTree = "<group>";
		};
		C55DEA7028A053F00031F12C /* Resources */ = {
			isa = PBXGroup;
			children = (
				C5DA7488289AD56E00A06FCB /* Constants.swift */,
				C52F40672895C14400B48390 /* Assets.xcassets */,
			);
			path = Resources;
			sourceTree = "<group>";
		};
		C5DB393F2896F33000D086A9 /* Views */ = {
			isa = PBXGroup;
			children = (
				C5994884289EB6AD00806FB0 /* NewTaskCell.swift */,
				C53165F0289C5C770007913A /* TaskCell.swift */,
				C53165F2289D50F50007913A /* HeaderView.swift */,
				C5DB39402896F8CD00D086A9 /* TaskView.swift */,
			);
			path = Views;
			sourceTree = "<group>";
		};
/* End PBXGroup section */

/* Begin PBXNativeTarget section */
		C52F405A2895C14300B48390 /* ToDoList */ = {
			isa = PBXNativeTarget;
			buildConfigurationList = C52F406F2895C14400B48390 /* Build configuration list for PBXNativeTarget "ToDoList" */;
			buildPhases = (
				C52F40572895C14300B48390 /* Sources */,
				C52F40582895C14300B48390 /* Frameworks */,
				C52F40592895C14300B48390 /* Resources */,
			);
			buildRules = (
			);
			dependencies = (
			);
			name = ToDoList;
			productName = ToDoList;
			productReference = C52F405B2895C14300B48390 /* ToDoList.app */;
			productType = "com.apple.product-type.application";
		};
		C52F407F2895C37400B48390 /* ToDoListTests */ = {
			isa = PBXNativeTarget;
			buildConfigurationList = C52F40862895C37400B48390 /* Build configuration list for PBXNativeTarget "ToDoListTests" */;
			buildPhases = (
				C52F407C2895C37400B48390 /* Sources */,
				C52F407D2895C37400B48390 /* Frameworks */,
				C52F407E2895C37400B48390 /* Resources */,
			);
			buildRules = (
			);
			dependencies = (
				C52F40852895C37400B48390 /* PBXTargetDependency */,
			);
			name = ToDoListTests;
			productName = ToDoListTests;
			productReference = C52F40802895C37400B48390 /* ToDoListTests.xctest */;
			productType = "com.apple.product-type.bundle.unit-test";
		};
/* End PBXNativeTarget section */

/* Begin PBXProject section */
		C52F40532895C14300B48390 /* Project object */ = {
			isa = PBXProject;
			attributes = {
				BuildIndependentTargetsInParallel = 1;
				LastSwiftUpdateCheck = 1340;
				LastUpgradeCheck = 1340;
				TargetAttributes = {
					C52F405A2895C14300B48390 = {
						CreatedOnToolsVersion = 13.4.1;
					};
					C52F407F2895C37400B48390 = {
						CreatedOnToolsVersion = 13.4.1;
						TestTargetID = C52F405A2895C14300B48390;
					};
				};
			};
			buildConfigurationList = C52F40562895C14300B48390 /* Build configuration list for PBXProject "ToDoList" */;
			compatibilityVersion = "Xcode 13.0";
			developmentRegion = en;
			hasScannedForEncodings = 0;
			knownRegions = (
				en,
				Base,
			);
			mainGroup = C52F40522895C14300B48390;
			productRefGroup = C52F405C2895C14300B48390 /* Products */;
			projectDirPath = "";
			projectRoot = "";
			targets = (
				C52F405A2895C14300B48390 /* ToDoList */,
				C52F407F2895C37400B48390 /* ToDoListTests */,
			);
		};
/* End PBXProject section */

/* Begin PBXResourcesBuildPhase section */
		C52F40592895C14300B48390 /* Resources */ = {
			isa = PBXResourcesBuildPhase;
			buildActionMask = 2147483647;
			files = (
				C52F406B2895C14400B48390 /* LaunchScreen.storyboard in Resources */,
				C52F40682895C14400B48390 /* Assets.xcassets in Resources */,
			);
			runOnlyForDeploymentPostprocessing = 0;
		};
		C52F407E2895C37400B48390 /* Resources */ = {
			isa = PBXResourcesBuildPhase;
			buildActionMask = 2147483647;
			files = (
			);
			runOnlyForDeploymentPostprocessing = 0;
		};
/* End PBXResourcesBuildPhase section */

/* Begin PBXSourcesBuildPhase section */
		C52F40572895C14300B48390 /* Sources */ = {
			isa = PBXSourcesBuildPhase;
			buildActionMask = 2147483647;
			files = (
				C5DDCBE628A9809D00B7D686 /* MockFileCacheService.swift in Sources */,
				C53165E7289C5A3F0007913A /* ListViewController.swift in Sources */,
				C5DA7487289AD26200A06FCB /* DateFormatter.swift in Sources */,
				C52F40632895C14300B48390 /* TaskViewController.swift in Sources */,
				C53165F1289C5C770007913A /* TaskCell.swift in Sources */,
				C5DB39412896F8CD00D086A9 /* TaskView.swift in Sources */,
				C52F405F2895C14300B48390 /* AppDelegate.swift in Sources */,
				C5DA7489289AD56E00A06FCB /* Constants.swift in Sources */,
				C5E7C3EF289BD11200C540FA /* TaskView+TextView.swift in Sources */,
				C5994885289EB6AD00806FB0 /* NewTaskCell.swift in Sources */,
				C52F40742895C30E00B48390 /* ToDoItem.swift in Sources */,
				C5DDCBE228A97F4700B7D686 /* NetworkService.swift in Sources */,
				C587D7D9289AD7B800131168 /* UIColor.swift in Sources */,
				C52F407A2895C34A00B48390 /* FileManager.swift in Sources */,
				C5DDCBE428A9808C00B7D686 /* FileCacheService.swift in Sources */,
				C52F40772895C32E00B48390 /* FileCache.swift in Sources */,
				C52F40612895C14300B48390 /* SceneDelegate.swift in Sources */,
				C53165F3289D50F50007913A /* HeaderView.swift in Sources */,
			);
			runOnlyForDeploymentPostprocessing = 0;
		};
		C52F407C2895C37400B48390 /* Sources */ = {
			isa = PBXSourcesBuildPhase;
			buildActionMask = 2147483647;
			files = (
				C52F408A2895C3AD00B48390 /* FileCacheTests.swift in Sources */,
				C52F40832895C37400B48390 /* ToDoItemTests.swift in Sources */,
			);
			runOnlyForDeploymentPostprocessing = 0;
		};
/* End PBXSourcesBuildPhase section */

/* Begin PBXTargetDependency section */
		C52F40852895C37400B48390 /* PBXTargetDependency */ = {
			isa = PBXTargetDependency;
			target = C52F405A2895C14300B48390 /* ToDoList */;
			targetProxy = C52F40842895C37400B48390 /* PBXContainerItemProxy */;
		};
/* End PBXTargetDependency section */

/* Begin PBXVariantGroup section */
		C52F40692895C14400B48390 /* LaunchScreen.storyboard */ = {
			isa = PBXVariantGroup;
			children = (
				C52F406A2895C14400B48390 /* Base */,
			);
			name = LaunchScreen.storyboard;
			sourceTree = "<group>";
		};
/* End PBXVariantGroup section */

/* Begin XCBuildConfiguration section */
		C52F406D2895C14400B48390 /* Debug */ = {
			isa = XCBuildConfiguration;
			buildSettings = {
				ALWAYS_SEARCH_USER_PATHS = NO;
				CLANG_ANALYZER_NONNULL = YES;
				CLANG_ANALYZER_NUMBER_OBJECT_CONVERSION = YES_AGGRESSIVE;
				CLANG_CXX_LANGUAGE_STANDARD = "gnu++17";
				CLANG_ENABLE_MODULES = YES;
				CLANG_ENABLE_OBJC_ARC = YES;
				CLANG_ENABLE_OBJC_WEAK = YES;
				CLANG_WARN_BLOCK_CAPTURE_AUTORELEASING = YES;
				CLANG_WARN_BOOL_CONVERSION = YES;
				CLANG_WARN_COMMA = YES;
				CLANG_WARN_CONSTANT_CONVERSION = YES;
				CLANG_WARN_DEPRECATED_OBJC_IMPLEMENTATIONS = YES;
				CLANG_WARN_DIRECT_OBJC_ISA_USAGE = YES_ERROR;
				CLANG_WARN_DOCUMENTATION_COMMENTS = YES;
				CLANG_WARN_EMPTY_BODY = YES;
				CLANG_WARN_ENUM_CONVERSION = YES;
				CLANG_WARN_INFINITE_RECURSION = YES;
				CLANG_WARN_INT_CONVERSION = YES;
				CLANG_WARN_NON_LITERAL_NULL_CONVERSION = YES;
				CLANG_WARN_OBJC_IMPLICIT_RETAIN_SELF = YES;
				CLANG_WARN_OBJC_LITERAL_CONVERSION = YES;
				CLANG_WARN_OBJC_ROOT_CLASS = YES_ERROR;
				CLANG_WARN_QUOTED_INCLUDE_IN_FRAMEWORK_HEADER = YES;
				CLANG_WARN_RANGE_LOOP_ANALYSIS = YES;
				CLANG_WARN_STRICT_PROTOTYPES = YES;
				CLANG_WARN_SUSPICIOUS_MOVE = YES;
				CLANG_WARN_UNGUARDED_AVAILABILITY = YES_AGGRESSIVE;
				CLANG_WARN_UNREACHABLE_CODE = YES;
				CLANG_WARN__DUPLICATE_METHOD_MATCH = YES;
				COPY_PHASE_STRIP = NO;
				DEBUG_INFORMATION_FORMAT = dwarf;
				ENABLE_STRICT_OBJC_MSGSEND = YES;
				ENABLE_TESTABILITY = YES;
				GCC_C_LANGUAGE_STANDARD = gnu11;
				GCC_DYNAMIC_NO_PIC = NO;
				GCC_NO_COMMON_BLOCKS = YES;
				GCC_OPTIMIZATION_LEVEL = 0;
				GCC_PREPROCESSOR_DEFINITIONS = (
					"DEBUG=1",
					"$(inherited)",
				);
				GCC_WARN_64_TO_32_BIT_CONVERSION = YES;
				GCC_WARN_ABOUT_RETURN_TYPE = YES_ERROR;
				GCC_WARN_UNDECLARED_SELECTOR = YES;
				GCC_WARN_UNINITIALIZED_AUTOS = YES_AGGRESSIVE;
				GCC_WARN_UNUSED_FUNCTION = YES;
				GCC_WARN_UNUSED_VARIABLE = YES;
				IPHONEOS_DEPLOYMENT_TARGET = 15.5;
				MTL_ENABLE_DEBUG_INFO = INCLUDE_SOURCE;
				MTL_FAST_MATH = YES;
				ONLY_ACTIVE_ARCH = YES;
				SDKROOT = iphoneos;
				SWIFT_ACTIVE_COMPILATION_CONDITIONS = DEBUG;
				SWIFT_OPTIMIZATION_LEVEL = "-Onone";
			};
			name = Debug;
		};
		C52F406E2895C14400B48390 /* Release */ = {
			isa = XCBuildConfiguration;
			buildSettings = {
				ALWAYS_SEARCH_USER_PATHS = NO;
				CLANG_ANALYZER_NONNULL = YES;
				CLANG_ANALYZER_NUMBER_OBJECT_CONVERSION = YES_AGGRESSIVE;
				CLANG_CXX_LANGUAGE_STANDARD = "gnu++17";
				CLANG_ENABLE_MODULES = YES;
				CLANG_ENABLE_OBJC_ARC = YES;
				CLANG_ENABLE_OBJC_WEAK = YES;
				CLANG_WARN_BLOCK_CAPTURE_AUTORELEASING = YES;
				CLANG_WARN_BOOL_CONVERSION = YES;
				CLANG_WARN_COMMA = YES;
				CLANG_WARN_CONSTANT_CONVERSION = YES;
				CLANG_WARN_DEPRECATED_OBJC_IMPLEMENTATIONS = YES;
				CLANG_WARN_DIRECT_OBJC_ISA_USAGE = YES_ERROR;
				CLANG_WARN_DOCUMENTATION_COMMENTS = YES;
				CLANG_WARN_EMPTY_BODY = YES;
				CLANG_WARN_ENUM_CONVERSION = YES;
				CLANG_WARN_INFINITE_RECURSION = YES;
				CLANG_WARN_INT_CONVERSION = YES;
				CLANG_WARN_NON_LITERAL_NULL_CONVERSION = YES;
				CLANG_WARN_OBJC_IMPLICIT_RETAIN_SELF = YES;
				CLANG_WARN_OBJC_LITERAL_CONVERSION = YES;
				CLANG_WARN_OBJC_ROOT_CLASS = YES_ERROR;
				CLANG_WARN_QUOTED_INCLUDE_IN_FRAMEWORK_HEADER = YES;
				CLANG_WARN_RANGE_LOOP_ANALYSIS = YES;
				CLANG_WARN_STRICT_PROTOTYPES = YES;
				CLANG_WARN_SUSPICIOUS_MOVE = YES;
				CLANG_WARN_UNGUARDED_AVAILABILITY = YES_AGGRESSIVE;
				CLANG_WARN_UNREACHABLE_CODE = YES;
				CLANG_WARN__DUPLICATE_METHOD_MATCH = YES;
				COPY_PHASE_STRIP = NO;
				DEBUG_INFORMATION_FORMAT = "dwarf-with-dsym";
				ENABLE_NS_ASSERTIONS = NO;
				ENABLE_STRICT_OBJC_MSGSEND = YES;
				GCC_C_LANGUAGE_STANDARD = gnu11;
				GCC_NO_COMMON_BLOCKS = YES;
				GCC_WARN_64_TO_32_BIT_CONVERSION = YES;
				GCC_WARN_ABOUT_RETURN_TYPE = YES_ERROR;
				GCC_WARN_UNDECLARED_SELECTOR = YES;
				GCC_WARN_UNINITIALIZED_AUTOS = YES_AGGRESSIVE;
				GCC_WARN_UNUSED_FUNCTION = YES;
				GCC_WARN_UNUSED_VARIABLE = YES;
				IPHONEOS_DEPLOYMENT_TARGET = 15.5;
				MTL_ENABLE_DEBUG_INFO = NO;
				MTL_FAST_MATH = YES;
				SDKROOT = iphoneos;
				SWIFT_COMPILATION_MODE = wholemodule;
				SWIFT_OPTIMIZATION_LEVEL = "-O";
				VALIDATE_PRODUCT = YES;
			};
			name = Release;
		};
		C52F40702895C14400B48390 /* Debug */ = {
			isa = XCBuildConfiguration;
			buildSettings = {
				ASSETCATALOG_COMPILER_APPICON_NAME = AppIcon;
				ASSETCATALOG_COMPILER_GLOBAL_ACCENT_COLOR_NAME = AccentColor;
				CODE_SIGN_STYLE = Automatic;
				CURRENT_PROJECT_VERSION = 1;
				DEVELOPMENT_TEAM = MNX7G7328F;
				GENERATE_INFOPLIST_FILE = YES;
				INFOPLIST_FILE = ToDoList/Info.plist;
				INFOPLIST_KEY_UIApplicationSupportsIndirectInputEvents = YES;
				INFOPLIST_KEY_UILaunchStoryboardName = LaunchScreen;
				INFOPLIST_KEY_UISupportedInterfaceOrientations_iPad = "UIInterfaceOrientationPortrait UIInterfaceOrientationPortraitUpsideDown UIInterfaceOrientationLandscapeLeft UIInterfaceOrientationLandscapeRight";
				INFOPLIST_KEY_UISupportedInterfaceOrientations_iPhone = "UIInterfaceOrientationPortrait UIInterfaceOrientationLandscapeLeft UIInterfaceOrientationLandscapeRight";
				LD_RUNPATH_SEARCH_PATHS = (
					"$(inherited)",
					"@executable_path/Frameworks",
				);
				MARKETING_VERSION = 1.0;
				PRODUCT_BUNDLE_IDENTIFIER = com.manigorman.education.ToDoList;
				PRODUCT_NAME = "$(TARGET_NAME)";
				SWIFT_EMIT_LOC_STRINGS = YES;
				SWIFT_VERSION = 5.0;
				TARGETED_DEVICE_FAMILY = "1,2";
			};
			name = Debug;
		};
		C52F40712895C14400B48390 /* Release */ = {
			isa = XCBuildConfiguration;
			buildSettings = {
				ASSETCATALOG_COMPILER_APPICON_NAME = AppIcon;
				ASSETCATALOG_COMPILER_GLOBAL_ACCENT_COLOR_NAME = AccentColor;
				CODE_SIGN_STYLE = Automatic;
				CURRENT_PROJECT_VERSION = 1;
				DEVELOPMENT_TEAM = MNX7G7328F;
				GENERATE_INFOPLIST_FILE = YES;
				INFOPLIST_FILE = ToDoList/Info.plist;
				INFOPLIST_KEY_UIApplicationSupportsIndirectInputEvents = YES;
				INFOPLIST_KEY_UILaunchStoryboardName = LaunchScreen;
				INFOPLIST_KEY_UISupportedInterfaceOrientations_iPad = "UIInterfaceOrientationPortrait UIInterfaceOrientationPortraitUpsideDown UIInterfaceOrientationLandscapeLeft UIInterfaceOrientationLandscapeRight";
				INFOPLIST_KEY_UISupportedInterfaceOrientations_iPhone = "UIInterfaceOrientationPortrait UIInterfaceOrientationLandscapeLeft UIInterfaceOrientationLandscapeRight";
				LD_RUNPATH_SEARCH_PATHS = (
					"$(inherited)",
					"@executable_path/Frameworks",
				);
				MARKETING_VERSION = 1.0;
				PRODUCT_BUNDLE_IDENTIFIER = com.manigorman.education.ToDoList;
				PRODUCT_NAME = "$(TARGET_NAME)";
				SWIFT_EMIT_LOC_STRINGS = YES;
				SWIFT_VERSION = 5.0;
				TARGETED_DEVICE_FAMILY = "1,2";
			};
			name = Release;
		};
		C52F40872895C37400B48390 /* Debug */ = {
			isa = XCBuildConfiguration;
			buildSettings = {
				BUNDLE_LOADER = "$(TEST_HOST)";
				CODE_SIGN_STYLE = Automatic;
				CURRENT_PROJECT_VERSION = 1;
				DEVELOPMENT_TEAM = MNX7G7328F;
				GENERATE_INFOPLIST_FILE = YES;
				MARKETING_VERSION = 1.0;
				PRODUCT_BUNDLE_IDENTIFIER = com.manigorman.education.ToDoListTests;
				PRODUCT_NAME = "$(TARGET_NAME)";
				SWIFT_EMIT_LOC_STRINGS = NO;
				SWIFT_VERSION = 5.0;
				TARGETED_DEVICE_FAMILY = "1,2";
				TEST_HOST = "$(BUILT_PRODUCTS_DIR)/ToDoList.app/ToDoList";
			};
			name = Debug;
		};
		C52F40882895C37400B48390 /* Release */ = {
			isa = XCBuildConfiguration;
			buildSettings = {
				BUNDLE_LOADER = "$(TEST_HOST)";
				CODE_SIGN_STYLE = Automatic;
				CURRENT_PROJECT_VERSION = 1;
				DEVELOPMENT_TEAM = MNX7G7328F;
				GENERATE_INFOPLIST_FILE = YES;
				MARKETING_VERSION = 1.0;
				PRODUCT_BUNDLE_IDENTIFIER = com.manigorman.education.ToDoListTests;
				PRODUCT_NAME = "$(TARGET_NAME)";
				SWIFT_EMIT_LOC_STRINGS = NO;
				SWIFT_VERSION = 5.0;
				TARGETED_DEVICE_FAMILY = "1,2";
				TEST_HOST = "$(BUILT_PRODUCTS_DIR)/ToDoList.app/ToDoList";
			};
			name = Release;
		};
/* End XCBuildConfiguration section */

/* Begin XCConfigurationList section */
		C52F40562895C14300B48390 /* Build configuration list for PBXProject "ToDoList" */ = {
			isa = XCConfigurationList;
			buildConfigurations = (
				C52F406D2895C14400B48390 /* Debug */,
				C52F406E2895C14400B48390 /* Release */,
			);
			defaultConfigurationIsVisible = 0;
			defaultConfigurationName = Release;
		};
		C52F406F2895C14400B48390 /* Build configuration list for PBXNativeTarget "ToDoList" */ = {
			isa = XCConfigurationList;
			buildConfigurations = (
				C52F40702895C14400B48390 /* Debug */,
				C52F40712895C14400B48390 /* Release */,
			);
			defaultConfigurationIsVisible = 0;
			defaultConfigurationName = Release;
		};
		C52F40862895C37400B48390 /* Build configuration list for PBXNativeTarget "ToDoListTests" */ = {
			isa = XCConfigurationList;
			buildConfigurations = (
				C52F40872895C37400B48390 /* Debug */,
				C52F40882895C37400B48390 /* Release */,
			);
			defaultConfigurationIsVisible = 0;
			defaultConfigurationName = Release;
		};
/* End XCConfigurationList section */
	};
	rootObject = C52F40532895C14300B48390 /* Project object */;
}
