// !$*UTF8*$!
{
	archiveVersion = 1;
	classes = {
	};
	objectVersion = 55;
	objects = {

/* Begin PBXBuildFile section */
		67BEBA57F519C9CEA8EC4F3B /* Pods_ToDoList.framework in Frameworks */ = {isa = PBXBuildFile; fileRef = AC047900050B85B114CBD630 /* Pods_ToDoList.framework */; };
		B826150D9F0442926586EB62 /* Pods_ToDoListTests.framework in Frameworks */ = {isa = PBXBuildFile; fileRef = 4EAA7D62F092823A71466F09 /* Pods_ToDoListTests.framework */; };
		C52F405F2895C14300B48390 /* AppDelegate.swift in Sources */ = {isa = PBXBuildFile; fileRef = C52F405E2895C14300B48390 /* AppDelegate.swift */; };
		C52F40612895C14300B48390 /* SceneDelegate.swift in Sources */ = {isa = PBXBuildFile; fileRef = C52F40602895C14300B48390 /* SceneDelegate.swift */; };
		C52F40682895C14400B48390 /* Assets.xcassets in Resources */ = {isa = PBXBuildFile; fileRef = C52F40672895C14400B48390 /* Assets.xcassets */; };
		C52F406B2895C14400B48390 /* LaunchScreen.storyboard in Resources */ = {isa = PBXBuildFile; fileRef = C52F40692895C14400B48390 /* LaunchScreen.storyboard */; };
		C52F40742895C30E00B48390 /* ToDoItem.swift in Sources */ = {isa = PBXBuildFile; fileRef = C52F40732895C30E00B48390 /* ToDoItem.swift */; };
		C52F40772895C32E00B48390 /* FileCache.swift in Sources */ = {isa = PBXBuildFile; fileRef = C52F40762895C32E00B48390 /* FileCache.swift */; };
		C52F40832895C37400B48390 /* ToDoItemTests.swift in Sources */ = {isa = PBXBuildFile; fileRef = C52F40822895C37400B48390 /* ToDoItemTests.swift */; };
		C52F408A2895C3AD00B48390 /* FileCacheTests.swift in Sources */ = {isa = PBXBuildFile; fileRef = C52F40892895C3AD00B48390 /* FileCacheTests.swift */; };
		C53165F1289C5C770007913A /* TaskCell.swift in Sources */ = {isa = PBXBuildFile; fileRef = C53165F0289C5C770007913A /* TaskCell.swift */; };
		C53165F3289D50F50007913A /* HeaderView.swift in Sources */ = {isa = PBXBuildFile; fileRef = C53165F2289D50F50007913A /* HeaderView.swift */; };
		C54E290928B3E09C00676C3C /* TasksAssembly.swift in Sources */ = {isa = PBXBuildFile; fileRef = C54E290828B3E09C00676C3C /* TasksAssembly.swift */; };
		C54E290B28B3E16400676C3C /* TasksRouter.swift in Sources */ = {isa = PBXBuildFile; fileRef = C54E290A28B3E16400676C3C /* TasksRouter.swift */; };
		C54E290D28B3E28D00676C3C /* TasksPresenter.swift in Sources */ = {isa = PBXBuildFile; fileRef = C54E290C28B3E28D00676C3C /* TasksPresenter.swift */; };
		C54E290F28B3E62600676C3C /* TasksViewController.swift in Sources */ = {isa = PBXBuildFile; fileRef = C54E290E28B3E62600676C3C /* TasksViewController.swift */; };
		C54E291228B3F05400676C3C /* TaskDetailsAssembly.swift in Sources */ = {isa = PBXBuildFile; fileRef = C54E291128B3F05400676C3C /* TaskDetailsAssembly.swift */; };
		C54E291428B3F06100676C3C /* TaskDetailsViewController.swift in Sources */ = {isa = PBXBuildFile; fileRef = C54E291328B3F06100676C3C /* TaskDetailsViewController.swift */; };
		C54E291628B3F06A00676C3C /* TaskDetailsRouter.swift in Sources */ = {isa = PBXBuildFile; fileRef = C54E291528B3F06A00676C3C /* TaskDetailsRouter.swift */; };
		C54E291828B3F07500676C3C /* TaskDetailsPresenter.swift in Sources */ = {isa = PBXBuildFile; fileRef = C54E291728B3F07500676C3C /* TaskDetailsPresenter.swift */; };
		C54E291A28B3F0B800676C3C /* TasksViewModelFactory.swift in Sources */ = {isa = PBXBuildFile; fileRef = C54E291928B3F0B800676C3C /* TasksViewModelFactory.swift */; };
		C54E291E28B623A800676C3C /* TaskDetailsViewModelFactory.swift in Sources */ = {isa = PBXBuildFile; fileRef = C54E291D28B623A800676C3C /* TaskDetailsViewModelFactory.swift */; };
		C55A783928BB9FD9002CE5DF /* ToDoList.xcdatamodeld in Sources */ = {isa = PBXBuildFile; fileRef = C55A783728BB9FD9002CE5DF /* ToDoList.xcdatamodeld */; };
		C55A784628BBD085002CE5DF /* Task+CoreDataClass.swift in Sources */ = {isa = PBXBuildFile; fileRef = C55A784428BBD085002CE5DF /* Task+CoreDataClass.swift */; };
		C55A784728BBD085002CE5DF /* Task+CoreDataProperties.swift in Sources */ = {isa = PBXBuildFile; fileRef = C55A784528BBD085002CE5DF /* Task+CoreDataProperties.swift */; };
		C55A784928BBD25B002CE5DF /* DelegatesList.swift in Sources */ = {isa = PBXBuildFile; fileRef = C55A784828BBD25B002CE5DF /* DelegatesList.swift */; };
		C587D7D9289AD7B800131168 /* UIColor.swift in Sources */ = {isa = PBXBuildFile; fileRef = C587D7D8289AD7B800131168 /* UIColor.swift */; };
		C5994885289EB6AD00806FB0 /* NewTaskCell.swift in Sources */ = {isa = PBXBuildFile; fileRef = C5994884289EB6AD00806FB0 /* NewTaskCell.swift */; };
		C5DA7487289AD26200A06FCB /* DateFormatter.swift in Sources */ = {isa = PBXBuildFile; fileRef = C5DA7486289AD26200A06FCB /* DateFormatter.swift */; };
		C5DA7489289AD56E00A06FCB /* Constants.swift in Sources */ = {isa = PBXBuildFile; fileRef = C5DA7488289AD56E00A06FCB /* Constants.swift */; };
		C5DDCBE228A97F4700B7D686 /* NetworkService.swift in Sources */ = {isa = PBXBuildFile; fileRef = C5DDCBE128A97F4700B7D686 /* NetworkService.swift */; };
		C5DDCBE628A9809D00B7D686 /* FileCacheService.swift in Sources */ = {isa = PBXBuildFile; fileRef = C5DDCBE528A9809D00B7D686 /* FileCacheService.swift */; };
/* End PBXBuildFile section */

/* Begin PBXContainerItemProxy section */
		C52F40842895C37400B48390 /* PBXContainerItemProxy */ = {
			isa = PBXContainerItemProxy;
			containerPortal = C52F40532895C14300B48390 /* Project object */;
			proxyType = 1;
			remoteGlobalIDString = C52F405A2895C14300B48390;
			remoteInfo = ToDoList;
		};
/* End PBXContainerItemProxy section */

/* Begin PBXFileReference section */
		4EAA7D62F092823A71466F09 /* Pods_ToDoListTests.framework */ = {isa = PBXFileReference; explicitFileType = wrapper.framework; includeInIndex = 0; path = Pods_ToDoListTests.framework; sourceTree = BUILT_PRODUCTS_DIR; };
		634D514CF848C8617E80EDB5 /* Pods-ToDoList.debug.xcconfig */ = {isa = PBXFileReference; includeInIndex = 1; lastKnownFileType = text.xcconfig; name = "Pods-ToDoList.debug.xcconfig"; path = "Target Support Files/Pods-ToDoList/Pods-ToDoList.debug.xcconfig"; sourceTree = "<group>"; };
		705CD5C8C8F2920CF8C18F7E /* Pods-ToDoListTests.debug.xcconfig */ = {isa = PBXFileReference; includeInIndex = 1; lastKnownFileType = text.xcconfig; name = "Pods-ToDoListTests.debug.xcconfig"; path = "Target Support Files/Pods-ToDoListTests/Pods-ToDoListTests.debug.xcconfig"; sourceTree = "<group>"; };
		85F88C70009025CEDA180EB3 /* Pods-ToDoList.release.xcconfig */ = {isa = PBXFileReference; includeInIndex = 1; lastKnownFileType = text.xcconfig; name = "Pods-ToDoList.release.xcconfig"; path = "Target Support Files/Pods-ToDoList/Pods-ToDoList.release.xcconfig"; sourceTree = "<group>"; };
		AC047900050B85B114CBD630 /* Pods_ToDoList.framework */ = {isa = PBXFileReference; explicitFileType = wrapper.framework; includeInIndex = 0; path = Pods_ToDoList.framework; sourceTree = BUILT_PRODUCTS_DIR; };
		C52F405B2895C14300B48390 /* ToDoList.app */ = {isa = PBXFileReference; explicitFileType = wrapper.application; includeInIndex = 0; path = ToDoList.app; sourceTree = BUILT_PRODUCTS_DIR; };
		C52F405E2895C14300B48390 /* AppDelegate.swift */ = {isa = PBXFileReference; lastKnownFileType = sourcecode.swift; path = AppDelegate.swift; sourceTree = "<group>"; };
		C52F40602895C14300B48390 /* SceneDelegate.swift */ = {isa = PBXFileReference; lastKnownFileType = sourcecode.swift; path = SceneDelegate.swift; sourceTree = "<group>"; };
		C52F40672895C14400B48390 /* Assets.xcassets */ = {isa = PBXFileReference; lastKnownFileType = folder.assetcatalog; path = Assets.xcassets; sourceTree = "<group>"; };
		C52F406A2895C14400B48390 /* Base */ = {isa = PBXFileReference; lastKnownFileType = file.storyboard; name = Base; path = Base.lproj/LaunchScreen.storyboard; sourceTree = "<group>"; };
		C52F406C2895C14400B48390 /* Info.plist */ = {isa = PBXFileReference; lastKnownFileType = text.plist.xml; path = Info.plist; sourceTree = "<group>"; };
		C52F40732895C30E00B48390 /* ToDoItem.swift */ = {isa = PBXFileReference; lastKnownFileType = sourcecode.swift; path = ToDoItem.swift; sourceTree = "<group>"; };
		C52F40762895C32E00B48390 /* FileCache.swift */ = {isa = PBXFileReference; lastKnownFileType = sourcecode.swift; path = FileCache.swift; sourceTree = "<group>"; };
		C52F40802895C37400B48390 /* ToDoListTests.xctest */ = {isa = PBXFileReference; explicitFileType = wrapper.cfbundle; includeInIndex = 0; path = ToDoListTests.xctest; sourceTree = BUILT_PRODUCTS_DIR; };
		C52F40822895C37400B48390 /* ToDoItemTests.swift */ = {isa = PBXFileReference; lastKnownFileType = sourcecode.swift; path = ToDoItemTests.swift; sourceTree = "<group>"; };
		C52F40892895C3AD00B48390 /* FileCacheTests.swift */ = {isa = PBXFileReference; lastKnownFileType = sourcecode.swift; path = FileCacheTests.swift; sourceTree = "<group>"; };
		C53165F0289C5C770007913A /* TaskCell.swift */ = {isa = PBXFileReference; lastKnownFileType = sourcecode.swift; path = TaskCell.swift; sourceTree = "<group>"; };
		C53165F2289D50F50007913A /* HeaderView.swift */ = {isa = PBXFileReference; lastKnownFileType = sourcecode.swift; path = HeaderView.swift; sourceTree = "<group>"; };
		C54E290828B3E09C00676C3C /* TasksAssembly.swift */ = {isa = PBXFileReference; lastKnownFileType = sourcecode.swift; path = TasksAssembly.swift; sourceTree = "<group>"; };
		C54E290A28B3E16400676C3C /* TasksRouter.swift */ = {isa = PBXFileReference; lastKnownFileType = sourcecode.swift; path = TasksRouter.swift; sourceTree = "<group>"; };
		C54E290C28B3E28D00676C3C /* TasksPresenter.swift */ = {isa = PBXFileReference; lastKnownFileType = sourcecode.swift; path = TasksPresenter.swift; sourceTree = "<group>"; };
		C54E290E28B3E62600676C3C /* TasksViewController.swift */ = {isa = PBXFileReference; lastKnownFileType = sourcecode.swift; path = TasksViewController.swift; sourceTree = "<group>"; };
		C54E291128B3F05400676C3C /* TaskDetailsAssembly.swift */ = {isa = PBXFileReference; lastKnownFileType = sourcecode.swift; path = TaskDetailsAssembly.swift; sourceTree = "<group>"; };
		C54E291328B3F06100676C3C /* TaskDetailsViewController.swift */ = {isa = PBXFileReference; lastKnownFileType = sourcecode.swift; path = TaskDetailsViewController.swift; sourceTree = "<group>"; };
		C54E291528B3F06A00676C3C /* TaskDetailsRouter.swift */ = {isa = PBXFileReference; lastKnownFileType = sourcecode.swift; path = TaskDetailsRouter.swift; sourceTree = "<group>"; };
		C54E291728B3F07500676C3C /* TaskDetailsPresenter.swift */ = {isa = PBXFileReference; lastKnownFileType = sourcecode.swift; path = TaskDetailsPresenter.swift; sourceTree = "<group>"; };
		C54E291928B3F0B800676C3C /* TasksViewModelFactory.swift */ = {isa = PBXFileReference; lastKnownFileType = sourcecode.swift; path = TasksViewModelFactory.swift; sourceTree = "<group>"; };
		C54E291D28B623A800676C3C /* TaskDetailsViewModelFactory.swift */ = {isa = PBXFileReference; lastKnownFileType = sourcecode.swift; path = TaskDetailsViewModelFactory.swift; sourceTree = "<group>"; };
		C55A783828BB9FD9002CE5DF /* ToDoList.xcdatamodel */ = {isa = PBXFileReference; lastKnownFileType = wrapper.xcdatamodel; path = ToDoList.xcdatamodel; sourceTree = "<group>"; };
		C55A784428BBD085002CE5DF /* Task+CoreDataClass.swift */ = {isa = PBXFileReference; lastKnownFileType = sourcecode.swift; path = "Task+CoreDataClass.swift"; sourceTree = SOURCE_ROOT; };
		C55A784528BBD085002CE5DF /* Task+CoreDataProperties.swift */ = {isa = PBXFileReference; lastKnownFileType = sourcecode.swift; path = "Task+CoreDataProperties.swift"; sourceTree = SOURCE_ROOT; };
		C55A784828BBD25B002CE5DF /* DelegatesList.swift */ = {isa = PBXFileReference; lastKnownFileType = sourcecode.swift; path = DelegatesList.swift; sourceTree = "<group>"; };
		C587D7D8289AD7B800131168 /* UIColor.swift */ = {isa = PBXFileReference; lastKnownFileType = sourcecode.swift; path = UIColor.swift; sourceTree = "<group>"; };
		C5994884289EB6AD00806FB0 /* NewTaskCell.swift */ = {isa = PBXFileReference; lastKnownFileType = sourcecode.swift; path = NewTaskCell.swift; sourceTree = "<group>"; };
		C5DA7486289AD26200A06FCB /* DateFormatter.swift */ = {isa = PBXFileReference; lastKnownFileType = sourcecode.swift; path = DateFormatter.swift; sourceTree = "<group>"; };
		C5DA7488289AD56E00A06FCB /* Constants.swift */ = {isa = PBXFileReference; lastKnownFileType = sourcecode.swift; path = Constants.swift; sourceTree = "<group>"; };
		C5DDCBE128A97F4700B7D686 /* NetworkService.swift */ = {isa = PBXFileReference; lastKnownFileType = sourcecode.swift; path = NetworkService.swift; sourceTree = "<group>"; };
		C5DDCBE528A9809D00B7D686 /* FileCacheService.swift */ = {isa = PBXFileReference; lastKnownFileType = sourcecode.swift; path = FileCacheService.swift; sourceTree = "<group>"; };
		FACACF046DA03EC2EDF3B70D /* Pods-ToDoListTests.release.xcconfig */ = {isa = PBXFileReference; includeInIndex = 1; lastKnownFileType = text.xcconfig; name = "Pods-ToDoListTests.release.xcconfig"; path = "Target Support Files/Pods-ToDoListTests/Pods-ToDoListTests.release.xcconfig"; sourceTree = "<group>"; };
/* End PBXFileReference section */

/* Begin PBXFrameworksBuildPhase section */
		C52F40582895C14300B48390 /* Frameworks */ = {
			isa = PBXFrameworksBuildPhase;
			buildActionMask = 2147483647;
			files = (
				67BEBA57F519C9CEA8EC4F3B /* Pods_ToDoList.framework in Frameworks */,
			);
			runOnlyForDeploymentPostprocessing = 0;
		};
		C52F407D2895C37400B48390 /* Frameworks */ = {
			isa = PBXFrameworksBuildPhase;
			buildActionMask = 2147483647;
			files = (
				B826150D9F0442926586EB62 /* Pods_ToDoListTests.framework in Frameworks */,
			);
			runOnlyForDeploymentPostprocessing = 0;
		};
/* End PBXFrameworksBuildPhase section */

/* Begin PBXGroup section */
		87708C818CB6B4BC075EDF2D /* Frameworks */ = {
			isa = PBXGroup;
			children = (
				AC047900050B85B114CBD630 /* Pods_ToDoList.framework */,
				4EAA7D62F092823A71466F09 /* Pods_ToDoListTests.framework */,
			);
			name = Frameworks;
			sourceTree = "<group>";
		};
		AF8E491D6FFE625DB1A21E83 /* Pods */ = {
			isa = PBXGroup;
			children = (
				634D514CF848C8617E80EDB5 /* Pods-ToDoList.debug.xcconfig */,
				85F88C70009025CEDA180EB3 /* Pods-ToDoList.release.xcconfig */,
				705CD5C8C8F2920CF8C18F7E /* Pods-ToDoListTests.debug.xcconfig */,
				FACACF046DA03EC2EDF3B70D /* Pods-ToDoListTests.release.xcconfig */,
			);
			path = Pods;
			sourceTree = "<group>";
		};
		C52F40522895C14300B48390 = {
			isa = PBXGroup;
			children = (
				C52F405D2895C14300B48390 /* ToDoList */,
				C52F40812895C37400B48390 /* ToDoListTests */,
				C52F405C2895C14300B48390 /* Products */,
				AF8E491D6FFE625DB1A21E83 /* Pods */,
				87708C818CB6B4BC075EDF2D /* Frameworks */,
			);
			sourceTree = "<group>";
		};
		C52F405C2895C14300B48390 /* Products */ = {
			isa = PBXGroup;
			children = (
				C52F405B2895C14300B48390 /* ToDoList.app */,
				C52F40802895C37400B48390 /* ToDoListTests.xctest */,
			);
			name = Products;
			sourceTree = "<group>";
		};
		C52F405D2895C14300B48390 /* ToDoList */ = {
			isa = PBXGroup;
			children = (
				C54E290028B3DC4D00676C3C /* Application */,
				C54E290128B3DE1300676C3C /* Core */,
				C54E290228B3DE2900676C3C /* Presentation */,
				C54E290528B3DE6F00676C3C /* Services */,
				C54E290628B3DE7F00676C3C /* SupportingFiles */,
			);
			path = ToDoList;
			sourceTree = "<group>";
		};
		C52F40812895C37400B48390 /* ToDoListTests */ = {
			isa = PBXGroup;
			children = (
				C52F40822895C37400B48390 /* ToDoItemTests.swift */,
				C52F40892895C3AD00B48390 /* FileCacheTests.swift */,
			);
			path = ToDoListTests;
			sourceTree = "<group>";
		};
		C54E290028B3DC4D00676C3C /* Application */ = {
			isa = PBXGroup;
			children = (
				C52F405E2895C14300B48390 /* AppDelegate.swift */,
				C52F40602895C14300B48390 /* SceneDelegate.swift */,
			);
			path = Application;
			sourceTree = "<group>";
		};
		C54E290128B3DE1300676C3C /* Core */ = {
			isa = PBXGroup;
			children = (
				C55A784828BBD25B002CE5DF /* DelegatesList.swift */,
				C52F40762895C32E00B48390 /* FileCache.swift */,
				C52F40732895C30E00B48390 /* ToDoItem.swift */,
				C55A783A28BB9FDD002CE5DF /* CoreData */,
			);
			path = Core;
			sourceTree = "<group>";
		};
		C54E290228B3DE2900676C3C /* Presentation */ = {
			isa = PBXGroup;
			children = (
				C54E290328B3DE4800676C3C /* Shared */,
				C54E290428B3DE5600676C3C /* UserStories */,
			);
			path = Presentation;
			sourceTree = "<group>";
		};
		C54E290328B3DE4800676C3C /* Shared */ = {
			isa = PBXGroup;
			children = (
				C5DA7486289AD26200A06FCB /* DateFormatter.swift */,
				C587D7D8289AD7B800131168 /* UIColor.swift */,
				C5DA7488289AD56E00A06FCB /* Constants.swift */,
			);
			path = Shared;
			sourceTree = "<group>";
		};
		C54E290428B3DE5600676C3C /* UserStories */ = {
			isa = PBXGroup;
			children = (
				C54E291028B3EFFD00676C3C /* TaskDetails */,
				C54E290728B3E07B00676C3C /* Tasks */,
			);
			path = UserStories;
			sourceTree = "<group>";
		};
		C54E290528B3DE6F00676C3C /* Services */ = {
			isa = PBXGroup;
			children = (
				C5DDCBE128A97F4700B7D686 /* NetworkService.swift */,
				C5DDCBE528A9809D00B7D686 /* FileCacheService.swift */,
			);
			path = Services;
			sourceTree = "<group>";
		};
		C54E290628B3DE7F00676C3C /* SupportingFiles */ = {
			isa = PBXGroup;
			children = (
				C52F40672895C14400B48390 /* Assets.xcassets */,
				C52F40692895C14400B48390 /* LaunchScreen.storyboard */,
				C52F406C2895C14400B48390 /* Info.plist */,
			);
			path = SupportingFiles;
			sourceTree = "<group>";
		};
		C54E290728B3E07B00676C3C /* Tasks */ = {
			isa = PBXGroup;
			children = (
				C54E290828B3E09C00676C3C /* TasksAssembly.swift */,
				C54E290A28B3E16400676C3C /* TasksRouter.swift */,
				C54E290C28B3E28D00676C3C /* TasksPresenter.swift */,
				C54E290E28B3E62600676C3C /* TasksViewController.swift */,
				C54E291C28B3FADA00676C3C /* Views */,
				C54E291B28B3F0BF00676C3C /* Factories */,
			);
			path = Tasks;
			sourceTree = "<group>";
		};
		C54E291028B3EFFD00676C3C /* TaskDetails */ = {
			isa = PBXGroup;
			children = (
				C54E291128B3F05400676C3C /* TaskDetailsAssembly.swift */,
				C54E291528B3F06A00676C3C /* TaskDetailsRouter.swift */,
				C54E291728B3F07500676C3C /* TaskDetailsPresenter.swift */,
				C54E291328B3F06100676C3C /* TaskDetailsViewController.swift */,
				C54E291F28B623AC00676C3C /* Factories */,
			);
			path = TaskDetails;
			sourceTree = "<group>";
		};
		C54E291B28B3F0BF00676C3C /* Factories */ = {
			isa = PBXGroup;
			children = (
				C54E291928B3F0B800676C3C /* TasksViewModelFactory.swift */,
			);
			path = Factories;
			sourceTree = "<group>";
		};
		C54E291C28B3FADA00676C3C /* Views */ = {
			isa = PBXGroup;
			children = (
				C53165F0289C5C770007913A /* TaskCell.swift */,
				C53165F2289D50F50007913A /* HeaderView.swift */,
				C5994884289EB6AD00806FB0 /* NewTaskCell.swift */,
			);
			path = Views;
			sourceTree = "<group>";
		};
		C54E291F28B623AC00676C3C /* Factories */ = {
			isa = PBXGroup;
			children = (
				C54E291D28B623A800676C3C /* TaskDetailsViewModelFactory.swift */,
			);
			path = Factories;
			sourceTree = "<group>";
		};
		C55A783A28BB9FDD002CE5DF /* CoreData */ = {
			isa = PBXGroup;
			children = (
				C55A784428BBD085002CE5DF /* Task+CoreDataClass.swift */,
				C55A784528BBD085002CE5DF /* Task+CoreDataProperties.swift */,
				C55A783728BB9FD9002CE5DF /* ToDoList.xcdatamodeld */,
			);
			path = CoreData;
			sourceTree = "<group>";
		};
/* End PBXGroup section */

/* Begin PBXNativeTarget section */
		C52F405A2895C14300B48390 /* ToDoList */ = {
			isa = PBXNativeTarget;
			buildConfigurationList = C52F406F2895C14400B48390 /* Build configuration list for PBXNativeTarget "ToDoList" */;
			buildPhases = (
				1EF28E4F10442EDA2507AF32 /* [CP] Check Pods Manifest.lock */,
				C52F40572895C14300B48390 /* Sources */,
				C52F40582895C14300B48390 /* Frameworks */,
				C52F40592895C14300B48390 /* Resources */,
				C552578F28A6D6E200A88FD3 /* ShellScript */,
				D166AF7CEDBE558876518541 /* [CP] Embed Pods Frameworks */,
			);
			buildRules = (
			);
			dependencies = (
			);
			name = ToDoList;
			productName = ToDoList;
			productReference = C52F405B2895C14300B48390 /* ToDoList.app */;
			productType = "com.apple.product-type.application";
		};
		C52F407F2895C37400B48390 /* ToDoListTests */ = {
			isa = PBXNativeTarget;
			buildConfigurationList = C52F40862895C37400B48390 /* Build configuration list for PBXNativeTarget "ToDoListTests" */;
			buildPhases = (
				7EE2D45D33DCB34F7FC3D047 /* [CP] Check Pods Manifest.lock */,
				C52F407C2895C37400B48390 /* Sources */,
				C52F407D2895C37400B48390 /* Frameworks */,
				C52F407E2895C37400B48390 /* Resources */,
			);
			buildRules = (
			);
			dependencies = (
				C52F40852895C37400B48390 /* PBXTargetDependency */,
			);
			name = ToDoListTests;
			productName = ToDoListTests;
			productReference = C52F40802895C37400B48390 /* ToDoListTests.xctest */;
			productType = "com.apple.product-type.bundle.unit-test";
		};
/* End PBXNativeTarget section */

/* Begin PBXProject section */
		C52F40532895C14300B48390 /* Project object */ = {
			isa = PBXProject;
			attributes = {
				BuildIndependentTargetsInParallel = 1;
				LastSwiftUpdateCheck = 1340;
				LastUpgradeCheck = 1340;
				TargetAttributes = {
					C52F405A2895C14300B48390 = {
						CreatedOnToolsVersion = 13.4.1;
					};
					C52F407F2895C37400B48390 = {
						CreatedOnToolsVersion = 13.4.1;
						TestTargetID = C52F405A2895C14300B48390;
					};
				};
			};
			buildConfigurationList = C52F40562895C14300B48390 /* Build configuration list for PBXProject "ToDoList" */;
			compatibilityVersion = "Xcode 13.0";
			developmentRegion = en;
			hasScannedForEncodings = 0;
			knownRegions = (
				en,
				Base,
			);
			mainGroup = C52F40522895C14300B48390;
			productRefGroup = C52F405C2895C14300B48390 /* Products */;
			projectDirPath = "";
			projectRoot = "";
			targets = (
				C52F405A2895C14300B48390 /* ToDoList */,
				C52F407F2895C37400B48390 /* ToDoListTests */,
			);
		};
/* End PBXProject section */

/* Begin PBXResourcesBuildPhase section */
		C52F40592895C14300B48390 /* Resources */ = {
			isa = PBXResourcesBuildPhase;
			buildActionMask = 2147483647;
			files = (
				C52F406B2895C14400B48390 /* LaunchScreen.storyboard in Resources */,
				C52F40682895C14400B48390 /* Assets.xcassets in Resources */,
			);
			runOnlyForDeploymentPostprocessing = 0;
		};
		C52F407E2895C37400B48390 /* Resources */ = {
			isa = PBXResourcesBuildPhase;
			buildActionMask = 2147483647;
			files = (
			);
			runOnlyForDeploymentPostprocessing = 0;
		};
/* End PBXResourcesBuildPhase section */

/* Begin PBXShellScriptBuildPhase section */
		1EF28E4F10442EDA2507AF32 /* [CP] Check Pods Manifest.lock */ = {
			isa = PBXShellScriptBuildPhase;
			buildActionMask = 2147483647;
			files = (
			);
			inputFileListPaths = (
			);
			inputPaths = (
				"${PODS_PODFILE_DIR_PATH}/Podfile.lock",
				"${PODS_ROOT}/Manifest.lock",
			);
			name = "[CP] Check Pods Manifest.lock";
			outputFileListPaths = (
			);
			outputPaths = (
				"$(DERIVED_FILE_DIR)/Pods-ToDoList-checkManifestLockResult.txt",
			);
			runOnlyForDeploymentPostprocessing = 0;
			shellPath = /bin/sh;
			shellScript = "diff \"${PODS_PODFILE_DIR_PATH}/Podfile.lock\" \"${PODS_ROOT}/Manifest.lock\" > /dev/null\nif [ $? != 0 ] ; then\n    # print error to STDERR\n    echo \"error: The sandbox is not in sync with the Podfile.lock. Run 'pod install' or update your CocoaPods installation.\" >&2\n    exit 1\nfi\n# This output is used by Xcode 'outputs' to avoid re-running this script phase.\necho \"SUCCESS\" > \"${SCRIPT_OUTPUT_FILE_0}\"\n";
			showEnvVarsInLog = 0;
		};
		7EE2D45D33DCB34F7FC3D047 /* [CP] Check Pods Manifest.lock */ = {
			isa = PBXShellScriptBuildPhase;
			buildActionMask = 2147483647;
			files = (
			);
			inputFileListPaths = (
			);
			inputPaths = (
				"${PODS_PODFILE_DIR_PATH}/Podfile.lock",
				"${PODS_ROOT}/Manifest.lock",
			);
			name = "[CP] Check Pods Manifest.lock";
			outputFileListPaths = (
			);
			outputPaths = (
				"$(DERIVED_FILE_DIR)/Pods-ToDoListTests-checkManifestLockResult.txt",
			);
			runOnlyForDeploymentPostprocessing = 0;
			shellPath = /bin/sh;
			shellScript = "diff \"${PODS_PODFILE_DIR_PATH}/Podfile.lock\" \"${PODS_ROOT}/Manifest.lock\" > /dev/null\nif [ $? != 0 ] ; then\n    # print error to STDERR\n    echo \"error: The sandbox is not in sync with the Podfile.lock. Run 'pod install' or update your CocoaPods installation.\" >&2\n    exit 1\nfi\n# This output is used by Xcode 'outputs' to avoid re-running this script phase.\necho \"SUCCESS\" > \"${SCRIPT_OUTPUT_FILE_0}\"\n";
			showEnvVarsInLog = 0;
		};
		C552578F28A6D6E200A88FD3 /* ShellScript */ = {
			isa = PBXShellScriptBuildPhase;
			buildActionMask = 2147483647;
			files = (
			);
			inputFileListPaths = (
			);
			inputPaths = (
			);
			outputFileListPaths = (
			);
			outputPaths = (
			);
			runOnlyForDeploymentPostprocessing = 0;
			shellPath = /bin/sh;
			shellScript = "\"${PODS_ROOT}/SwiftLint/swiftlint\"\n";
		};
		D166AF7CEDBE558876518541 /* [CP] Embed Pods Frameworks */ = {
			isa = PBXShellScriptBuildPhase;
			buildActionMask = 2147483647;
			files = (
			);
			inputFileListPaths = (
				"${PODS_ROOT}/Target Support Files/Pods-ToDoList/Pods-ToDoList-frameworks-${CONFIGURATION}-input-files.xcfilelist",
			);
			name = "[CP] Embed Pods Frameworks";
			outputFileListPaths = (
				"${PODS_ROOT}/Target Support Files/Pods-ToDoList/Pods-ToDoList-frameworks-${CONFIGURATION}-output-files.xcfilelist",
			);
			runOnlyForDeploymentPostprocessing = 0;
			shellPath = /bin/sh;
			shellScript = "\"${PODS_ROOT}/Target Support Files/Pods-ToDoList/Pods-ToDoList-frameworks.sh\"\n";
			showEnvVarsInLog = 0;
		};
/* End PBXShellScriptBuildPhase section */

/* Begin PBXSourcesBuildPhase section */
		C52F40572895C14300B48390 /* Sources */ = {
			isa = PBXSourcesBuildPhase;
			buildActionMask = 2147483647;
			files = (
				C54E291A28B3F0B800676C3C /* TasksViewModelFactory.swift in Sources */,
				C54E290D28B3E28D00676C3C /* TasksPresenter.swift in Sources */,
				C55A784628BBD085002CE5DF /* Task+CoreDataClass.swift in Sources */,
				C55A783928BB9FD9002CE5DF /* ToDoList.xcdatamodeld in Sources */,
				C5DDCBE628A9809D00B7D686 /* FileCacheService.swift in Sources */,
				C54E291E28B623A800676C3C /* TaskDetailsViewModelFactory.swift in Sources */,
				C5DA7487289AD26200A06FCB /* DateFormatter.swift in Sources */,
				C54E291628B3F06A00676C3C /* TaskDetailsRouter.swift in Sources */,
				C53165F1289C5C770007913A /* TaskCell.swift in Sources */,
				C54E290928B3E09C00676C3C /* TasksAssembly.swift in Sources */,
				C54E291228B3F05400676C3C /* TaskDetailsAssembly.swift in Sources */,
				C54E290B28B3E16400676C3C /* TasksRouter.swift in Sources */,
				C55A784928BBD25B002CE5DF /* DelegatesList.swift in Sources */,
				C52F405F2895C14300B48390 /* AppDelegate.swift in Sources */,
				C5DA7489289AD56E00A06FCB /* Constants.swift in Sources */,
				C5994885289EB6AD00806FB0 /* NewTaskCell.swift in Sources */,
				C54E290F28B3E62600676C3C /* TasksViewController.swift in Sources */,
				C54E291828B3F07500676C3C /* TaskDetailsPresenter.swift in Sources */,
				C52F40742895C30E00B48390 /* ToDoItem.swift in Sources */,
				C5DDCBE228A97F4700B7D686 /* NetworkService.swift in Sources */,
				C587D7D9289AD7B800131168 /* UIColor.swift in Sources */,
				C55A784728BBD085002CE5DF /* Task+CoreDataProperties.swift in Sources */,
				C52F40772895C32E00B48390 /* FileCache.swift in Sources */,
				C54E291428B3F06100676C3C /* TaskDetailsViewController.swift in Sources */,
				C52F40612895C14300B48390 /* SceneDelegate.swift in Sources */,
				C53165F3289D50F50007913A /* HeaderView.swift in Sources */,
			);
			runOnlyForDeploymentPostprocessing = 0;
		};
		C52F407C2895C37400B48390 /* Sources */ = {
			isa = PBXSourcesBuildPhase;
			buildActionMask = 2147483647;
			files = (
				C52F408A2895C3AD00B48390 /* FileCacheTests.swift in Sources */,
				C52F40832895C37400B48390 /* ToDoItemTests.swift in Sources */,
			);
			runOnlyForDeploymentPostprocessing = 0;
		};
/* End PBXSourcesBuildPhase section */

/* Begin PBXTargetDependency section */
		C52F40852895C37400B48390 /* PBXTargetDependency */ = {
			isa = PBXTargetDependency;
			target = C52F405A2895C14300B48390 /* ToDoList */;
			targetProxy = C52F40842895C37400B48390 /* PBXContainerItemProxy */;
		};
/* End PBXTargetDependency section */

/* Begin PBXVariantGroup section */
		C52F40692895C14400B48390 /* LaunchScreen.storyboard */ = {
			isa = PBXVariantGroup;
			children = (
				C52F406A2895C14400B48390 /* Base */,
			);
			name = LaunchScreen.storyboard;
			sourceTree = "<group>";
		};
/* End PBXVariantGroup section */

/* Begin XCBuildConfiguration section */
		C52F406D2895C14400B48390 /* Debug */ = {
			isa = XCBuildConfiguration;
			buildSettings = {
				ALWAYS_SEARCH_USER_PATHS = NO;
				CLANG_ANALYZER_NONNULL = YES;
				CLANG_ANALYZER_NUMBER_OBJECT_CONVERSION = YES_AGGRESSIVE;
				CLANG_CXX_LANGUAGE_STANDARD = "gnu++17";
				CLANG_ENABLE_MODULES = YES;
				CLANG_ENABLE_OBJC_ARC = YES;
				CLANG_ENABLE_OBJC_WEAK = YES;
				CLANG_WARN_BLOCK_CAPTURE_AUTORELEASING = YES;
				CLANG_WARN_BOOL_CONVERSION = YES;
				CLANG_WARN_COMMA = YES;
				CLANG_WARN_CONSTANT_CONVERSION = YES;
				CLANG_WARN_DEPRECATED_OBJC_IMPLEMENTATIONS = YES;
				CLANG_WARN_DIRECT_OBJC_ISA_USAGE = YES_ERROR;
				CLANG_WARN_DOCUMENTATION_COMMENTS = YES;
				CLANG_WARN_EMPTY_BODY = YES;
				CLANG_WARN_ENUM_CONVERSION = YES;
				CLANG_WARN_INFINITE_RECURSION = YES;
				CLANG_WARN_INT_CONVERSION = YES;
				CLANG_WARN_NON_LITERAL_NULL_CONVERSION = YES;
				CLANG_WARN_OBJC_IMPLICIT_RETAIN_SELF = YES;
				CLANG_WARN_OBJC_LITERAL_CONVERSION = YES;
				CLANG_WARN_OBJC_ROOT_CLASS = YES_ERROR;
				CLANG_WARN_QUOTED_INCLUDE_IN_FRAMEWORK_HEADER = YES;
				CLANG_WARN_RANGE_LOOP_ANALYSIS = YES;
				CLANG_WARN_STRICT_PROTOTYPES = YES;
				CLANG_WARN_SUSPICIOUS_MOVE = YES;
				CLANG_WARN_UNGUARDED_AVAILABILITY = YES_AGGRESSIVE;
				CLANG_WARN_UNREACHABLE_CODE = YES;
				CLANG_WARN__DUPLICATE_METHOD_MATCH = YES;
				COPY_PHASE_STRIP = NO;
				DEBUG_INFORMATION_FORMAT = dwarf;
				ENABLE_STRICT_OBJC_MSGSEND = YES;
				ENABLE_TESTABILITY = YES;
				GCC_C_LANGUAGE_STANDARD = gnu11;
				GCC_DYNAMIC_NO_PIC = NO;
				GCC_NO_COMMON_BLOCKS = YES;
				GCC_OPTIMIZATION_LEVEL = 0;
				GCC_PREPROCESSOR_DEFINITIONS = (
					"DEBUG=1",
					"$(inherited)",
				);
				GCC_WARN_64_TO_32_BIT_CONVERSION = YES;
				GCC_WARN_ABOUT_RETURN_TYPE = YES_ERROR;
				GCC_WARN_UNDECLARED_SELECTOR = YES;
				GCC_WARN_UNINITIALIZED_AUTOS = YES_AGGRESSIVE;
				GCC_WARN_UNUSED_FUNCTION = YES;
				GCC_WARN_UNUSED_VARIABLE = YES;
				IPHONEOS_DEPLOYMENT_TARGET = 14.0;
				MTL_ENABLE_DEBUG_INFO = INCLUDE_SOURCE;
				MTL_FAST_MATH = YES;
				ONLY_ACTIVE_ARCH = YES;
				SDKROOT = iphoneos;
				SWIFT_ACTIVE_COMPILATION_CONDITIONS = DEBUG;
				SWIFT_OPTIMIZATION_LEVEL = "-Onone";
			};
			name = Debug;
		};
		C52F406E2895C14400B48390 /* Release */ = {
			isa = XCBuildConfiguration;
			buildSettings = {
				ALWAYS_SEARCH_USER_PATHS = NO;
				CLANG_ANALYZER_NONNULL = YES;
				CLANG_ANALYZER_NUMBER_OBJECT_CONVERSION = YES_AGGRESSIVE;
				CLANG_CXX_LANGUAGE_STANDARD = "gnu++17";
				CLANG_ENABLE_MODULES = YES;
				CLANG_ENABLE_OBJC_ARC = YES;
				CLANG_ENABLE_OBJC_WEAK = YES;
				CLANG_WARN_BLOCK_CAPTURE_AUTORELEASING = YES;
				CLANG_WARN_BOOL_CONVERSION = YES;
				CLANG_WARN_COMMA = YES;
				CLANG_WARN_CONSTANT_CONVERSION = YES;
				CLANG_WARN_DEPRECATED_OBJC_IMPLEMENTATIONS = YES;
				CLANG_WARN_DIRECT_OBJC_ISA_USAGE = YES_ERROR;
				CLANG_WARN_DOCUMENTATION_COMMENTS = YES;
				CLANG_WARN_EMPTY_BODY = YES;
				CLANG_WARN_ENUM_CONVERSION = YES;
				CLANG_WARN_INFINITE_RECURSION = YES;
				CLANG_WARN_INT_CONVERSION = YES;
				CLANG_WARN_NON_LITERAL_NULL_CONVERSION = YES;
				CLANG_WARN_OBJC_IMPLICIT_RETAIN_SELF = YES;
				CLANG_WARN_OBJC_LITERAL_CONVERSION = YES;
				CLANG_WARN_OBJC_ROOT_CLASS = YES_ERROR;
				CLANG_WARN_QUOTED_INCLUDE_IN_FRAMEWORK_HEADER = YES;
				CLANG_WARN_RANGE_LOOP_ANALYSIS = YES;
				CLANG_WARN_STRICT_PROTOTYPES = YES;
				CLANG_WARN_SUSPICIOUS_MOVE = YES;
				CLANG_WARN_UNGUARDED_AVAILABILITY = YES_AGGRESSIVE;
				CLANG_WARN_UNREACHABLE_CODE = YES;
				CLANG_WARN__DUPLICATE_METHOD_MATCH = YES;
				COPY_PHASE_STRIP = NO;
				DEBUG_INFORMATION_FORMAT = "dwarf-with-dsym";
				ENABLE_NS_ASSERTIONS = NO;
				ENABLE_STRICT_OBJC_MSGSEND = YES;
				GCC_C_LANGUAGE_STANDARD = gnu11;
				GCC_NO_COMMON_BLOCKS = YES;
				GCC_WARN_64_TO_32_BIT_CONVERSION = YES;
				GCC_WARN_ABOUT_RETURN_TYPE = YES_ERROR;
				GCC_WARN_UNDECLARED_SELECTOR = YES;
				GCC_WARN_UNINITIALIZED_AUTOS = YES_AGGRESSIVE;
				GCC_WARN_UNUSED_FUNCTION = YES;
				GCC_WARN_UNUSED_VARIABLE = YES;
				IPHONEOS_DEPLOYMENT_TARGET = 14.0;
				MTL_ENABLE_DEBUG_INFO = NO;
				MTL_FAST_MATH = YES;
				SDKROOT = iphoneos;
				SWIFT_COMPILATION_MODE = wholemodule;
				SWIFT_OPTIMIZATION_LEVEL = "-O";
				VALIDATE_PRODUCT = YES;
			};
			name = Release;
		};
		C52F40702895C14400B48390 /* Debug */ = {
			isa = XCBuildConfiguration;
			baseConfigurationReference = 634D514CF848C8617E80EDB5 /* Pods-ToDoList.debug.xcconfig */;
			buildSettings = {
				ASSETCATALOG_COMPILER_APPICON_NAME = AppIcon;
				ASSETCATALOG_COMPILER_GLOBAL_ACCENT_COLOR_NAME = AccentColor;
				CODE_SIGN_STYLE = Automatic;
				CURRENT_PROJECT_VERSION = 1;
				DEVELOPMENT_TEAM = MNX7G7328F;
				GENERATE_INFOPLIST_FILE = YES;
				INFOPLIST_FILE = ToDoList/SupportingFiles/Info.plist;
				INFOPLIST_KEY_UIApplicationSupportsIndirectInputEvents = YES;
				INFOPLIST_KEY_UILaunchStoryboardName = LaunchScreen;
				INFOPLIST_KEY_UISupportedInterfaceOrientations_iPad = "UIInterfaceOrientationPortrait UIInterfaceOrientationPortraitUpsideDown UIInterfaceOrientationLandscapeLeft UIInterfaceOrientationLandscapeRight";
				INFOPLIST_KEY_UISupportedInterfaceOrientations_iPhone = "UIInterfaceOrientationPortrait UIInterfaceOrientationLandscapeLeft UIInterfaceOrientationLandscapeRight";
				LD_RUNPATH_SEARCH_PATHS = (
					"$(inherited)",
					"@executable_path/Frameworks",
				);
				MARKETING_VERSION = 1.0;
				PRODUCT_BUNDLE_IDENTIFIER = com.manigorman.education.ToDoList;
				PRODUCT_NAME = "$(TARGET_NAME)";
				SWIFT_EMIT_LOC_STRINGS = YES;
				SWIFT_VERSION = 5.0;
				TARGETED_DEVICE_FAMILY = "1,2";
			};
			name = Debug;
		};
		C52F40712895C14400B48390 /* Release */ = {
			isa = XCBuildConfiguration;
			baseConfigurationReference = 85F88C70009025CEDA180EB3 /* Pods-ToDoList.release.xcconfig */;
			buildSettings = {
				ASSETCATALOG_COMPILER_APPICON_NAME = AppIcon;
				ASSETCATALOG_COMPILER_GLOBAL_ACCENT_COLOR_NAME = AccentColor;
				CODE_SIGN_STYLE = Automatic;
				CURRENT_PROJECT_VERSION = 1;
				DEVELOPMENT_TEAM = MNX7G7328F;
				GENERATE_INFOPLIST_FILE = YES;
				INFOPLIST_FILE = ToDoList/SupportingFiles/Info.plist;
				INFOPLIST_KEY_UIApplicationSupportsIndirectInputEvents = YES;
				INFOPLIST_KEY_UILaunchStoryboardName = LaunchScreen;
				INFOPLIST_KEY_UISupportedInterfaceOrientations_iPad = "UIInterfaceOrientationPortrait UIInterfaceOrientationPortraitUpsideDown UIInterfaceOrientationLandscapeLeft UIInterfaceOrientationLandscapeRight";
				INFOPLIST_KEY_UISupportedInterfaceOrientations_iPhone = "UIInterfaceOrientationPortrait UIInterfaceOrientationLandscapeLeft UIInterfaceOrientationLandscapeRight";
				LD_RUNPATH_SEARCH_PATHS = (
					"$(inherited)",
					"@executable_path/Frameworks",
				);
				MARKETING_VERSION = 1.0;
				PRODUCT_BUNDLE_IDENTIFIER = com.manigorman.education.ToDoList;
				PRODUCT_NAME = "$(TARGET_NAME)";
				SWIFT_EMIT_LOC_STRINGS = YES;
				SWIFT_VERSION = 5.0;
				TARGETED_DEVICE_FAMILY = "1,2";
			};
			name = Release;
		};
		C52F40872895C37400B48390 /* Debug */ = {
			isa = XCBuildConfiguration;
			baseConfigurationReference = 705CD5C8C8F2920CF8C18F7E /* Pods-ToDoListTests.debug.xcconfig */;
			buildSettings = {
				BUNDLE_LOADER = "$(TEST_HOST)";
				CODE_SIGN_STYLE = Automatic;
				CURRENT_PROJECT_VERSION = 1;
				DEVELOPMENT_TEAM = MNX7G7328F;
				GENERATE_INFOPLIST_FILE = YES;
				MARKETING_VERSION = 1.0;
				PRODUCT_BUNDLE_IDENTIFIER = com.manigorman.education.ToDoListTests;
				PRODUCT_NAME = "$(TARGET_NAME)";
				SWIFT_EMIT_LOC_STRINGS = NO;
				SWIFT_VERSION = 5.0;
				TARGETED_DEVICE_FAMILY = "1,2";
				TEST_HOST = "$(BUILT_PRODUCTS_DIR)/ToDoList.app/ToDoList";
			};
			name = Debug;
		};
		C52F40882895C37400B48390 /* Release */ = {
			isa = XCBuildConfiguration;
			baseConfigurationReference = FACACF046DA03EC2EDF3B70D /* Pods-ToDoListTests.release.xcconfig */;
			buildSettings = {
				BUNDLE_LOADER = "$(TEST_HOST)";
				CODE_SIGN_STYLE = Automatic;
				CURRENT_PROJECT_VERSION = 1;
				DEVELOPMENT_TEAM = MNX7G7328F;
				GENERATE_INFOPLIST_FILE = YES;
				MARKETING_VERSION = 1.0;
				PRODUCT_BUNDLE_IDENTIFIER = com.manigorman.education.ToDoListTests;
				PRODUCT_NAME = "$(TARGET_NAME)";
				SWIFT_EMIT_LOC_STRINGS = NO;
				SWIFT_VERSION = 5.0;
				TARGETED_DEVICE_FAMILY = "1,2";
				TEST_HOST = "$(BUILT_PRODUCTS_DIR)/ToDoList.app/ToDoList";
			};
			name = Release;
		};
/* End XCBuildConfiguration section */

/* Begin XCConfigurationList section */
		C52F40562895C14300B48390 /* Build configuration list for PBXProject "ToDoList" */ = {
			isa = XCConfigurationList;
			buildConfigurations = (
				C52F406D2895C14400B48390 /* Debug */,
				C52F406E2895C14400B48390 /* Release */,
			);
			defaultConfigurationIsVisible = 0;
			defaultConfigurationName = Release;
		};
		C52F406F2895C14400B48390 /* Build configuration list for PBXNativeTarget "ToDoList" */ = {
			isa = XCConfigurationList;
			buildConfigurations = (
				C52F40702895C14400B48390 /* Debug */,
				C52F40712895C14400B48390 /* Release */,
			);
			defaultConfigurationIsVisible = 0;
			defaultConfigurationName = Release;
		};
		C52F40862895C37400B48390 /* Build configuration list for PBXNativeTarget "ToDoListTests" */ = {
			isa = XCConfigurationList;
			buildConfigurations = (
				C52F40872895C37400B48390 /* Debug */,
				C52F40882895C37400B48390 /* Release */,
			);
			defaultConfigurationIsVisible = 0;
			defaultConfigurationName = Release;
		};
/* End XCConfigurationList section */

/* Begin XCVersionGroup section */
		C55A783728BB9FD9002CE5DF /* ToDoList.xcdatamodeld */ = {
			isa = XCVersionGroup;
			children = (
				C55A783828BB9FD9002CE5DF /* ToDoList.xcdatamodel */,
			);
			currentVersion = C55A783828BB9FD9002CE5DF /* ToDoList.xcdatamodel */;
			path = ToDoList.xcdatamodeld;
			sourceTree = "<group>";
			versionGroupType = wrapper.xcdatamodel;
		};
/* End XCVersionGroup section */
	};
	rootObject = C52F40532895C14300B48390 /* Project object */;
}
